
Microsoft Visual Studio Solution File, Format Version 12.00
# Visual Studio 14
VisualStudioVersion = 14.0.24720.0
MinimumVisualStudioVersion = 10.0.40219.1
Project("{FAE04EC0-301F-11D3-BF4B-00C04F79EFBC}") = "PCL", "PCL\PCL.csproj", "{D293C08A-CD0D-4C12-ACDA-8B45C1A895F0}"
EndProject
Project("{FAE04EC0-301F-11D3-BF4B-00C04F79EFBC}") = "ReaderApp", "ReaderApp\ReaderApp.csproj", "{1213DAA3-F835-4546-84F7-BB0D947B6141}"
EndProject
Global
	GlobalSection(SolutionConfigurationPlatforms) = preSolution
		Debug|Any CPU = Debug|Any CPU
		Release|Any CPU = Release|Any CPU
	EndGlobalSection
	GlobalSection(ProjectConfigurationPlatforms) = postSolution
		{D293C08A-CD0D-4C12-ACDA-8B45C1A895F0}.Debug|Any CPU.ActiveCfg = Debug|Any CPU
		{D293C08A-CD0D-4C12-ACDA-8B45C1A895F0}.Debug|Any CPU.Build.0 = Debug|Any CPU
		{D293C08A-CD0D-4C12-ACDA-8B45C1A895F0}.Release|Any CPU.ActiveCfg = Release|Any CPU
		{D293C08A-CD0D-4C12-ACDA-8B45C1A895F0}.Release|Any CPU.Build.0 = Release|Any CPU
		{1213DAA3-F835-4546-84F7-BB0D947B6141}.Debug|Any CPU.ActiveCfg = Debug|Any CPU
		{1213DAA3-F835-4546-84F7-BB0D947B6141}.Debug|Any CPU.Build.0 = Debug|Any CPU
		{1213DAA3-F835-4546-84F7-BB0D947B6141}.Debug|Any CPU.Deploy.0 = Debug|Any CPU
		{1213DAA3-F835-4546-84F7-BB0D947B6141}.Release|Any CPU.ActiveCfg = Release|Any CPU
		{1213DAA3-F835-4546-84F7-BB0D947B6141}.Release|Any CPU.Build.0 = Release|Any CPU
		{1213DAA3-F835-4546-84F7-BB0D947B6141}.Release|Any CPU.Deploy.0 = Release|Any CPU
	EndGlobalSection
	GlobalSection(SolutionProperties) = preSolution
		HideSolutionNode = FALSE
	EndGlobalSection
EndGlobal
