
Microsoft Visual Studio Solution File, Format Version 12.00
# Visual Studio 14
VisualStudioVersion = 14.0.24720.0
MinimumVisualStudioVersion = 10.0.40219.1
Project("{FAE04EC0-301F-11D3-BF4B-00C04F79EFBC}") = "Webapi2TutorialMicrosoft", "Webapi2TutorialMicrosoft\Webapi2TutorialMicrosoft.csproj", "{B6A01126-017B-4828-B361-E6285A7D0DA1}"
EndProject
Project("{FAE04EC0-301F-11D3-BF4B-00C04F79EFBC}") = "Webapi2TutorialMicrosoft.Tests", "Webapi2TutorialMicrosoft.Tests\Webapi2TutorialMicrosoft.Tests.csproj", "{9A2ED5BD-62FF-445E-9BBD-5257B4DFAA04}"
EndProject
Global
	GlobalSection(SolutionConfigurationPlatforms) = preSolution
		Debug|Any CPU = Debug|Any CPU
		Release|Any CPU = Release|Any CPU
	EndGlobalSection
	GlobalSection(ProjectConfigurationPlatforms) = postSolution
		{B6A01126-017B-4828-B361-E6285A7D0DA1}.Debug|Any CPU.ActiveCfg = Debug|Any CPU
		{B6A01126-017B-4828-B361-E6285A7D0DA1}.Debug|Any CPU.Build.0 = Debug|Any CPU
		{B6A01126-017B-4828-B361-E6285A7D0DA1}.Release|Any CPU.ActiveCfg = Release|Any CPU
		{B6A01126-017B-4828-B361-E6285A7D0DA1}.Release|Any CPU.Build.0 = Release|Any CPU
		{9A2ED5BD-62FF-445E-9BBD-5257B4DFAA04}.Debug|Any CPU.ActiveCfg = Debug|Any CPU
		{9A2ED5BD-62FF-445E-9BBD-5257B4DFAA04}.Debug|Any CPU.Build.0 = Debug|Any CPU
		{9A2ED5BD-62FF-445E-9BBD-5257B4DFAA04}.Release|Any CPU.ActiveCfg = Release|Any CPU
		{9A2ED5BD-62FF-445E-9BBD-5257B4DFAA04}.Release|Any CPU.Build.0 = Release|Any CPU
	EndGlobalSection
	GlobalSection(SolutionProperties) = preSolution
		HideSolutionNode = FALSE
	EndGlobalSection
EndGlobal
